
Microsoft Visual Studio Solution File, Format Version 12.00
# Visual Studio 2013
VisualStudioVersion = 12.0.21005.1
MinimumVisualStudioVersion = 10.0.40219.1
Project("{FAE04EC0-301F-11D3-BF4B-00C04F79EFBC}") = "01. JoroTheFootballPlayer", "01. JoroTheFootballPlayer\01. JoroTheFootballPlayer.csproj", "{A0672C82-F48F-4FA3-9F94-A96FED46E0EC}"
EndProject
Project("{FAE04EC0-301F-11D3-BF4B-00C04F79EFBC}") = "02. HalfSum", "02. HalfSum\02. HalfSum.csproj", "{82FE4E00-D615-46F7-AEF4-A495BE6294C2}"
EndProject
Project("{FAE04EC0-301F-11D3-BF4B-00C04F79EFBC}") = "03. Sunglasses", "03. Sunglasses\03. Sunglasses.csproj", "{F13A1495-B8A2-45C3-A00B-3220A46BEA6E}"
EndProject
Project("{FAE04EC0-301F-11D3-BF4B-00C04F79EFBC}") = "04. NineDigitMagicNumbers", "04. NineDigitMagicNumbers\04. NineDigitMagicNumbers.csproj", "{2F9BDFD2-BDDA-478F-BF79-603031C51B9F}"
EndProject
Project("{FAE04EC0-301F-11D3-BF4B-00C04F79EFBC}") = "05. BitsInverter", "05. BitsInverter\05. BitsInverter.csproj", "{BD0885B5-BD39-4898-A45C-01E2D6B265A7}"
EndProject
Global
	GlobalSection(SolutionConfigurationPlatforms) = preSolution
		Debug|Any CPU = Debug|Any CPU
		Release|Any CPU = Release|Any CPU
	EndGlobalSection
	GlobalSection(ProjectConfigurationPlatforms) = postSolution
		{A0672C82-F48F-4FA3-9F94-A96FED46E0EC}.Debug|Any CPU.ActiveCfg = Debug|Any CPU
		{A0672C82-F48F-4FA3-9F94-A96FED46E0EC}.Debug|Any CPU.Build.0 = Debug|Any CPU
		{A0672C82-F48F-4FA3-9F94-A96FED46E0EC}.Release|Any CPU.ActiveCfg = Release|Any CPU
		{A0672C82-F48F-4FA3-9F94-A96FED46E0EC}.Release|Any CPU.Build.0 = Release|Any CPU
		{82FE4E00-D615-46F7-AEF4-A495BE6294C2}.Debug|Any CPU.ActiveCfg = Debug|Any CPU
		{82FE4E00-D615-46F7-AEF4-A495BE6294C2}.Debug|Any CPU.Build.0 = Debug|Any CPU
		{82FE4E00-D615-46F7-AEF4-A495BE6294C2}.Release|Any CPU.ActiveCfg = Release|Any CPU
		{82FE4E00-D615-46F7-AEF4-A495BE6294C2}.Release|Any CPU.Build.0 = Release|Any CPU
		{F13A1495-B8A2-45C3-A00B-3220A46BEA6E}.Debug|Any CPU.ActiveCfg = Debug|Any CPU
		{F13A1495-B8A2-45C3-A00B-3220A46BEA6E}.Debug|Any CPU.Build.0 = Debug|Any CPU
		{F13A1495-B8A2-45C3-A00B-3220A46BEA6E}.Release|Any CPU.ActiveCfg = Release|Any CPU
		{F13A1495-B8A2-45C3-A00B-3220A46BEA6E}.Release|Any CPU.Build.0 = Release|Any CPU
		{2F9BDFD2-BDDA-478F-BF79-603031C51B9F}.Debug|Any CPU.ActiveCfg = Debug|Any CPU
		{2F9BDFD2-BDDA-478F-BF79-603031C51B9F}.Debug|Any CPU.Build.0 = Debug|Any CPU
		{2F9BDFD2-BDDA-478F-BF79-603031C51B9F}.Release|Any CPU.ActiveCfg = Release|Any CPU
		{2F9BDFD2-BDDA-478F-BF79-603031C51B9F}.Release|Any CPU.Build.0 = Release|Any CPU
		{BD0885B5-BD39-4898-A45C-01E2D6B265A7}.Debug|Any CPU.ActiveCfg = Debug|Any CPU
		{BD0885B5-BD39-4898-A45C-01E2D6B265A7}.Debug|Any CPU.Build.0 = Debug|Any CPU
		{BD0885B5-BD39-4898-A45C-01E2D6B265A7}.Release|Any CPU.ActiveCfg = Release|Any CPU
		{BD0885B5-BD39-4898-A45C-01E2D6B265A7}.Release|Any CPU.Build.0 = Release|Any CPU
	EndGlobalSection
	GlobalSection(SolutionProperties) = preSolution
		HideSolutionNode = FALSE
	EndGlobalSection
EndGlobal
