
Microsoft Visual Studio Solution File, Format Version 12.00
# Visual Studio 2013
VisualStudioVersion = 12.0.21005.1
MinimumVisualStudioVersion = 10.0.40219.1
Project("{FAE04EC0-301F-11D3-BF4B-00C04F79EFBC}") = "01. ExamSchedule", "01. ExamSchedule\01. ExamSchedule.csproj", "{232EE98F-F5BB-4209-B262-0A148BCC7E97}"
EndProject
Project("{FAE04EC0-301F-11D3-BF4B-00C04F79EFBC}") = "02. OddEvenElements", "02. OddEvenElements\02. OddEvenElements.csproj", "{839ED655-DCC4-45CA-8C73-5C0056914F23}"
EndProject
Project("{FAE04EC0-301F-11D3-BF4B-00C04F79EFBC}") = "03. Arrow", "03. Arrow\03. Arrow.csproj", "{B58AA686-E36E-4DFB-9BCB-E7D2345DFE03}"
EndProject
Project("{FAE04EC0-301F-11D3-BF4B-00C04F79EFBC}") = "04. FiveSpecialLetters", "04. FiveSpecialLetters\04. FiveSpecialLetters.csproj", "{79890106-C01E-444C-91B9-8EB2A72A00E6}"
EndProject
Project("{FAE04EC0-301F-11D3-BF4B-00C04F79EFBC}") = "05. BitRoller", "05. BitRoller\05. BitRoller.csproj", "{659254FC-726D-4257-853A-2F8D72D139CD}"
EndProject
Global
	GlobalSection(SolutionConfigurationPlatforms) = preSolution
		Debug|Any CPU = Debug|Any CPU
		Release|Any CPU = Release|Any CPU
	EndGlobalSection
	GlobalSection(ProjectConfigurationPlatforms) = postSolution
		{232EE98F-F5BB-4209-B262-0A148BCC7E97}.Debug|Any CPU.ActiveCfg = Debug|Any CPU
		{232EE98F-F5BB-4209-B262-0A148BCC7E97}.Debug|Any CPU.Build.0 = Debug|Any CPU
		{232EE98F-F5BB-4209-B262-0A148BCC7E97}.Release|Any CPU.ActiveCfg = Release|Any CPU
		{232EE98F-F5BB-4209-B262-0A148BCC7E97}.Release|Any CPU.Build.0 = Release|Any CPU
		{839ED655-DCC4-45CA-8C73-5C0056914F23}.Debug|Any CPU.ActiveCfg = Debug|Any CPU
		{839ED655-DCC4-45CA-8C73-5C0056914F23}.Debug|Any CPU.Build.0 = Debug|Any CPU
		{839ED655-DCC4-45CA-8C73-5C0056914F23}.Release|Any CPU.ActiveCfg = Release|Any CPU
		{839ED655-DCC4-45CA-8C73-5C0056914F23}.Release|Any CPU.Build.0 = Release|Any CPU
		{B58AA686-E36E-4DFB-9BCB-E7D2345DFE03}.Debug|Any CPU.ActiveCfg = Debug|Any CPU
		{B58AA686-E36E-4DFB-9BCB-E7D2345DFE03}.Debug|Any CPU.Build.0 = Debug|Any CPU
		{B58AA686-E36E-4DFB-9BCB-E7D2345DFE03}.Release|Any CPU.ActiveCfg = Release|Any CPU
		{B58AA686-E36E-4DFB-9BCB-E7D2345DFE03}.Release|Any CPU.Build.0 = Release|Any CPU
		{79890106-C01E-444C-91B9-8EB2A72A00E6}.Debug|Any CPU.ActiveCfg = Debug|Any CPU
		{79890106-C01E-444C-91B9-8EB2A72A00E6}.Debug|Any CPU.Build.0 = Debug|Any CPU
		{79890106-C01E-444C-91B9-8EB2A72A00E6}.Release|Any CPU.ActiveCfg = Release|Any CPU
		{79890106-C01E-444C-91B9-8EB2A72A00E6}.Release|Any CPU.Build.0 = Release|Any CPU
		{659254FC-726D-4257-853A-2F8D72D139CD}.Debug|Any CPU.ActiveCfg = Debug|Any CPU
		{659254FC-726D-4257-853A-2F8D72D139CD}.Debug|Any CPU.Build.0 = Debug|Any CPU
		{659254FC-726D-4257-853A-2F8D72D139CD}.Release|Any CPU.ActiveCfg = Release|Any CPU
		{659254FC-726D-4257-853A-2F8D72D139CD}.Release|Any CPU.Build.0 = Release|Any CPU
	EndGlobalSection
	GlobalSection(SolutionProperties) = preSolution
		HideSolutionNode = FALSE
	EndGlobalSection
EndGlobal
